
Microsoft Visual Studio Solution File, Format Version 12.00
# Visual Studio Version 17
VisualStudioVersion = 17.5.33516.290
MinimumVisualStudioVersion = 10.0.40219.1
Project("{FAE04EC0-301F-11D3-BF4B-00C04F79EFBC}") = "APICrudServer", "APICrudServer\APICrudServer.csproj", "{839A0D76-F133-4E0A-B4EC-6DE08711154B}"
EndProject
Global
	GlobalSection(SolutionConfigurationPlatforms) = preSolution
		Debug|Any CPU = Debug|Any CPU
		Release|Any CPU = Release|Any CPU
	EndGlobalSection
	GlobalSection(ProjectConfigurationPlatforms) = postSolution
		{839A0D76-F133-4E0A-B4EC-6DE08711154B}.Debug|Any CPU.ActiveCfg = Debug|Any CPU
		{839A0D76-F133-4E0A-B4EC-6DE08711154B}.Debug|Any CPU.Build.0 = Debug|Any CPU
		{839A0D76-F133-4E0A-B4EC-6DE08711154B}.Release|Any CPU.ActiveCfg = Release|Any CPU
		{839A0D76-F133-4E0A-B4EC-6DE08711154B}.Release|Any CPU.Build.0 = Release|Any CPU
	EndGlobalSection
	GlobalSection(SolutionProperties) = preSolution
		HideSolutionNode = FALSE
	EndGlobalSection
	GlobalSection(ExtensibilityGlobals) = postSolution
		SolutionGuid = {E042012A-7ABB-4A5D-AE01-308B9505E603}
	EndGlobalSection
EndGlobal
